
Microsoft Visual Studio Solution File, Format Version 12.00
# Visual Studio Version 16
VisualStudioVersion = 16.0.29911.84
MinimumVisualStudioVersion = 10.0.40219.1
Project("{9A19103F-16F7-4668-BE54-9A1E7A4F7556}") = "HackerNews.API", "HackerNews.API\HackerNews.API.csproj", "{566F71E0-6578-45F4-8A68-F6F3D8FED4A7}"
EndProject
Project("{9A19103F-16F7-4668-BE54-9A1E7A4F7556}") = "HackerNews.Domain", "HackerNews.Domain\HackerNews.Domain.csproj", "{C6800E9B-91CC-4584-A8F3-8EC1ADE2B7D3}"
EndProject
Project("{9A19103F-16F7-4668-BE54-9A1E7A4F7556}") = "HackerNews.Persistence", "HackerNews.Persistence\HackerNews.Persistence.csproj", "{AEFD4CB9-7614-4A8C-BBD5-BC5404759F36}"
EndProject
Project("{9A19103F-16F7-4668-BE54-9A1E7A4F7556}") = "HackerNews.API.Tests", "HackerNews.API.Tests\HackerNews.API.Tests.csproj", "{7DE7EA00-3A43-44B8-8271-624B2E3A6716}"
EndProject
Project("{FAE04EC0-301F-11D3-BF4B-00C04F79EFBC}") = "HackerNews.Domain.Tests", "HackerNews.Domain.Tests\HackerNews.Domain.Tests.csproj", "{1A22A06A-D2BA-48AC-84FA-BC72232A685C}"
EndProject
Project("{FAE04EC0-301F-11D3-BF4B-00C04F79EFBC}") = "HackerNews.Persistence.Tests", "HackerNews.Persistence.Tests\HackerNews.Persistence.Tests.csproj", "{AF6F1020-BC10-4D74-9788-644CFBD33CF2}"
EndProject
Global
	GlobalSection(SolutionConfigurationPlatforms) = preSolution
		Debug|Any CPU = Debug|Any CPU
		Release|Any CPU = Release|Any CPU
	EndGlobalSection
	GlobalSection(ProjectConfigurationPlatforms) = postSolution
		{566F71E0-6578-45F4-8A68-F6F3D8FED4A7}.Debug|Any CPU.ActiveCfg = Debug|Any CPU
		{566F71E0-6578-45F4-8A68-F6F3D8FED4A7}.Debug|Any CPU.Build.0 = Debug|Any CPU
		{566F71E0-6578-45F4-8A68-F6F3D8FED4A7}.Release|Any CPU.ActiveCfg = Release|Any CPU
		{566F71E0-6578-45F4-8A68-F6F3D8FED4A7}.Release|Any CPU.Build.0 = Release|Any CPU
		{C6800E9B-91CC-4584-A8F3-8EC1ADE2B7D3}.Debug|Any CPU.ActiveCfg = Debug|Any CPU
		{C6800E9B-91CC-4584-A8F3-8EC1ADE2B7D3}.Debug|Any CPU.Build.0 = Debug|Any CPU
		{C6800E9B-91CC-4584-A8F3-8EC1ADE2B7D3}.Release|Any CPU.ActiveCfg = Release|Any CPU
		{C6800E9B-91CC-4584-A8F3-8EC1ADE2B7D3}.Release|Any CPU.Build.0 = Release|Any CPU
		{AEFD4CB9-7614-4A8C-BBD5-BC5404759F36}.Debug|Any CPU.ActiveCfg = Debug|Any CPU
		{AEFD4CB9-7614-4A8C-BBD5-BC5404759F36}.Debug|Any CPU.Build.0 = Debug|Any CPU
		{AEFD4CB9-7614-4A8C-BBD5-BC5404759F36}.Release|Any CPU.ActiveCfg = Release|Any CPU
		{AEFD4CB9-7614-4A8C-BBD5-BC5404759F36}.Release|Any CPU.Build.0 = Release|Any CPU
		{7DE7EA00-3A43-44B8-8271-624B2E3A6716}.Debug|Any CPU.ActiveCfg = Debug|Any CPU
		{7DE7EA00-3A43-44B8-8271-624B2E3A6716}.Debug|Any CPU.Build.0 = Debug|Any CPU
		{7DE7EA00-3A43-44B8-8271-624B2E3A6716}.Release|Any CPU.ActiveCfg = Release|Any CPU
		{7DE7EA00-3A43-44B8-8271-624B2E3A6716}.Release|Any CPU.Build.0 = Release|Any CPU
		{1A22A06A-D2BA-48AC-84FA-BC72232A685C}.Debug|Any CPU.ActiveCfg = Debug|Any CPU
		{1A22A06A-D2BA-48AC-84FA-BC72232A685C}.Debug|Any CPU.Build.0 = Debug|Any CPU
		{1A22A06A-D2BA-48AC-84FA-BC72232A685C}.Release|Any CPU.ActiveCfg = Release|Any CPU
		{1A22A06A-D2BA-48AC-84FA-BC72232A685C}.Release|Any CPU.Build.0 = Release|Any CPU
		{AF6F1020-BC10-4D74-9788-644CFBD33CF2}.Debug|Any CPU.ActiveCfg = Debug|Any CPU
		{AF6F1020-BC10-4D74-9788-644CFBD33CF2}.Debug|Any CPU.Build.0 = Debug|Any CPU
		{AF6F1020-BC10-4D74-9788-644CFBD33CF2}.Release|Any CPU.ActiveCfg = Release|Any CPU
		{AF6F1020-BC10-4D74-9788-644CFBD33CF2}.Release|Any CPU.Build.0 = Release|Any CPU
	EndGlobalSection
	GlobalSection(SolutionProperties) = preSolution
		HideSolutionNode = FALSE
	EndGlobalSection
	GlobalSection(ExtensibilityGlobals) = postSolution
		SolutionGuid = {009E2B91-4FEB-41D8-8B70-85D30C5DD9CA}
	EndGlobalSection
EndGlobal
